
Microsoft Visual Studio Solution File, Format Version 11.00
# Visual Studio 2010
Project("{2150E333-8FDC-42A3-9474-1A3956D46DE8}") = "Solution Items", "Solution Items", "{C11DEACF-9762-4924-A574-4921162E171F}"
	ProjectSection(SolutionItems) = preProject
		DoddleAudit.vsmdi = DoddleAudit.vsmdi
		LocalTestRun.testrunconfig = LocalTestRun.testrunconfig
	EndProjectSection
EndProject
Project("{FAE04EC0-301F-11D3-BF4B-00C04F79EFBC}") = "DoddleAudit", "DoddleAudit\DoddleAudit.csproj", "{29CB7E4E-6D00-4649-BB2B-DDBB956AC8DF}"
EndProject
Project("{FAE04EC0-301F-11D3-BF4B-00C04F79EFBC}") = "DoddleAudit.Tests", "DoddleAudit.Tests\DoddleAudit.Tests.csproj", "{1F00992C-1B41-40C9-8D4D-D0900F6A9A06}"
EndProject
Project("{FAE04EC0-301F-11D3-BF4B-00C04F79EFBC}") = "DoddleAudit.EntityFramework", "DoddleAudit.EntityFramework\DoddleAudit.EntityFramework.csproj", "{A062FB01-C2E8-409C-B82A-64700A3B7D1A}"
EndProject
Project("{FAE04EC0-301F-11D3-BF4B-00C04F79EFBC}") = "DoddleAudit.v35", "DoddleAudit.v35\DoddleAudit.v35.csproj", "{7D167F47-9554-40D9-806F-D8411DF8A273}"
EndProject
Project("{2150E333-8FDC-42A3-9474-1A3956D46DE8}") = "NuGet", "NuGet", "{F0E9C364-3BBB-483D-8913-2225FCAC9C27}"
	ProjectSection(SolutionItems) = preProject
		..\nuget\Doddle.Audit.EntityFramework.nuspec = ..\nuget\Doddle.Audit.EntityFramework.nuspec
		..\nuget\Doddle.Audit.nuspec = ..\nuget\Doddle.Audit.nuspec
	EndProjectSection
EndProject
Project("{2150E333-8FDC-42A3-9474-1A3956D46DE8}") = "Sample Projects", "Sample Projects", "{95094C4D-5A16-4D21-8839-004122CC77BD}"
EndProject
Project("{FAE04EC0-301F-11D3-BF4B-00C04F79EFBC}") = "DoddleAudit.Sample.Web", "DoddleAudit.Sample.Web\DoddleAudit.Sample.Web.csproj", "{7AC425FE-EECF-4529-B8E6-1229A6210232}"
EndProject
Project("{FAE04EC0-301F-11D3-BF4B-00C04F79EFBC}") = "DoddleAudit.EntityFramework.Tests", "DoddleAudit.EntityFramework.Tests\DoddleAudit.EntityFramework.Tests.csproj", "{084C9323-5300-4AE0-82BB-E0C61251FE78}"
EndProject
Project("{2150E333-8FDC-42A3-9474-1A3956D46DE8}") = "Tests", "Tests", "{F7792E33-6F91-4D12-ABB2-A183926D64CB}"
EndProject
Global
	GlobalSection(TestCaseManagementSettings) = postSolution
		CategoryFile = DoddleAudit.vsmdi
	EndGlobalSection
	GlobalSection(SolutionConfigurationPlatforms) = preSolution
		Debug|Any CPU = Debug|Any CPU
		Release|Any CPU = Release|Any CPU
	EndGlobalSection
	GlobalSection(ProjectConfigurationPlatforms) = postSolution
		{29CB7E4E-6D00-4649-BB2B-DDBB956AC8DF}.Debug|Any CPU.ActiveCfg = Debug|Any CPU
		{29CB7E4E-6D00-4649-BB2B-DDBB956AC8DF}.Debug|Any CPU.Build.0 = Debug|Any CPU
		{29CB7E4E-6D00-4649-BB2B-DDBB956AC8DF}.Release|Any CPU.ActiveCfg = Release|Any CPU
		{29CB7E4E-6D00-4649-BB2B-DDBB956AC8DF}.Release|Any CPU.Build.0 = Release|Any CPU
		{1F00992C-1B41-40C9-8D4D-D0900F6A9A06}.Debug|Any CPU.ActiveCfg = Debug|Any CPU
		{1F00992C-1B41-40C9-8D4D-D0900F6A9A06}.Debug|Any CPU.Build.0 = Debug|Any CPU
		{1F00992C-1B41-40C9-8D4D-D0900F6A9A06}.Release|Any CPU.ActiveCfg = Release|Any CPU
		{1F00992C-1B41-40C9-8D4D-D0900F6A9A06}.Release|Any CPU.Build.0 = Release|Any CPU
		{A062FB01-C2E8-409C-B82A-64700A3B7D1A}.Debug|Any CPU.ActiveCfg = Debug|Any CPU
		{A062FB01-C2E8-409C-B82A-64700A3B7D1A}.Debug|Any CPU.Build.0 = Debug|Any CPU
		{A062FB01-C2E8-409C-B82A-64700A3B7D1A}.Release|Any CPU.ActiveCfg = Release|Any CPU
		{A062FB01-C2E8-409C-B82A-64700A3B7D1A}.Release|Any CPU.Build.0 = Release|Any CPU
		{7D167F47-9554-40D9-806F-D8411DF8A273}.Debug|Any CPU.ActiveCfg = Debug|Any CPU
		{7D167F47-9554-40D9-806F-D8411DF8A273}.Debug|Any CPU.Build.0 = Debug|Any CPU
		{7D167F47-9554-40D9-806F-D8411DF8A273}.Release|Any CPU.ActiveCfg = Release|Any CPU
		{7D167F47-9554-40D9-806F-D8411DF8A273}.Release|Any CPU.Build.0 = Release|Any CPU
		{7AC425FE-EECF-4529-B8E6-1229A6210232}.Debug|Any CPU.ActiveCfg = Debug|Any CPU
		{7AC425FE-EECF-4529-B8E6-1229A6210232}.Debug|Any CPU.Build.0 = Debug|Any CPU
		{7AC425FE-EECF-4529-B8E6-1229A6210232}.Release|Any CPU.ActiveCfg = Release|Any CPU
		{7AC425FE-EECF-4529-B8E6-1229A6210232}.Release|Any CPU.Build.0 = Release|Any CPU
		{084C9323-5300-4AE0-82BB-E0C61251FE78}.Debug|Any CPU.ActiveCfg = Debug|Any CPU
		{084C9323-5300-4AE0-82BB-E0C61251FE78}.Debug|Any CPU.Build.0 = Debug|Any CPU
		{084C9323-5300-4AE0-82BB-E0C61251FE78}.Release|Any CPU.ActiveCfg = Release|Any CPU
		{084C9323-5300-4AE0-82BB-E0C61251FE78}.Release|Any CPU.Build.0 = Release|Any CPU
	EndGlobalSection
	GlobalSection(SolutionProperties) = preSolution
		HideSolutionNode = FALSE
	EndGlobalSection
	GlobalSection(NestedProjects) = preSolution
		{7AC425FE-EECF-4529-B8E6-1229A6210232} = {95094C4D-5A16-4D21-8839-004122CC77BD}
		{084C9323-5300-4AE0-82BB-E0C61251FE78} = {F7792E33-6F91-4D12-ABB2-A183926D64CB}
		{1F00992C-1B41-40C9-8D4D-D0900F6A9A06} = {F7792E33-6F91-4D12-ABB2-A183926D64CB}
	EndGlobalSection
EndGlobal
