
Microsoft Visual Studio Solution File, Format Version 11.00
# Visual Studio 2010
Project("{2150E333-8FDC-42A3-9474-1A3956D46DE8}") = "Solution Items", "Solution Items", "{C11DEACF-9762-4924-A574-4921162E171F}"
	ProjectSection(SolutionItems) = preProject
		DoddleAudit.vsmdi = DoddleAudit.vsmdi
		LocalTestRun.testrunconfig = LocalTestRun.testrunconfig
	EndProjectSection
EndProject
Project("{FAE04EC0-301F-11D3-BF4B-00C04F79EFBC}") = "Doddle.Audit", "Doddle.Audit\Doddle.Audit.csproj", "{29CB7E4E-6D00-4649-BB2B-DDBB956AC8DF}"
EndProject
Project("{FAE04EC0-301F-11D3-BF4B-00C04F79EFBC}") = "Doddle.Audit.Tests", "Doddle.Audit.Tests\Doddle.Audit.Tests.csproj", "{1F00992C-1B41-40C9-8D4D-D0900F6A9A06}"
EndProject
Project("{FAE04EC0-301F-11D3-BF4B-00C04F79EFBC}") = "Doddle.Audit.EntityFramework", "Doddle.Audit.EntityFramework\Doddle.Audit.EntityFramework.csproj", "{A062FB01-C2E8-409C-B82A-64700A3B7D1A}"
EndProject
Project("{FAE04EC0-301F-11D3-BF4B-00C04F79EFBC}") = "Doddle.Audit.v35", "Doddle.Audit.v35\Doddle.Audit.v35.csproj", "{7D167F47-9554-40D9-806F-D8411DF8A273}"
EndProject
Global
	GlobalSection(TestCaseManagementSettings) = postSolution
		CategoryFile = DoddleAudit.vsmdi
	EndGlobalSection
	GlobalSection(SolutionConfigurationPlatforms) = preSolution
		Debug|Any CPU = Debug|Any CPU
		Release|Any CPU = Release|Any CPU
	EndGlobalSection
	GlobalSection(ProjectConfigurationPlatforms) = postSolution
		{29CB7E4E-6D00-4649-BB2B-DDBB956AC8DF}.Debug|Any CPU.ActiveCfg = Debug|Any CPU
		{29CB7E4E-6D00-4649-BB2B-DDBB956AC8DF}.Debug|Any CPU.Build.0 = Debug|Any CPU
		{29CB7E4E-6D00-4649-BB2B-DDBB956AC8DF}.Release|Any CPU.ActiveCfg = Release|Any CPU
		{29CB7E4E-6D00-4649-BB2B-DDBB956AC8DF}.Release|Any CPU.Build.0 = Release|Any CPU
		{1F00992C-1B41-40C9-8D4D-D0900F6A9A06}.Debug|Any CPU.ActiveCfg = Debug|Any CPU
		{1F00992C-1B41-40C9-8D4D-D0900F6A9A06}.Debug|Any CPU.Build.0 = Debug|Any CPU
		{1F00992C-1B41-40C9-8D4D-D0900F6A9A06}.Release|Any CPU.ActiveCfg = Release|Any CPU
		{1F00992C-1B41-40C9-8D4D-D0900F6A9A06}.Release|Any CPU.Build.0 = Release|Any CPU
		{A062FB01-C2E8-409C-B82A-64700A3B7D1A}.Debug|Any CPU.ActiveCfg = Debug|Any CPU
		{A062FB01-C2E8-409C-B82A-64700A3B7D1A}.Debug|Any CPU.Build.0 = Debug|Any CPU
		{A062FB01-C2E8-409C-B82A-64700A3B7D1A}.Release|Any CPU.ActiveCfg = Release|Any CPU
		{A062FB01-C2E8-409C-B82A-64700A3B7D1A}.Release|Any CPU.Build.0 = Release|Any CPU
		{7D167F47-9554-40D9-806F-D8411DF8A273}.Debug|Any CPU.ActiveCfg = Debug|Any CPU
		{7D167F47-9554-40D9-806F-D8411DF8A273}.Debug|Any CPU.Build.0 = Debug|Any CPU
		{7D167F47-9554-40D9-806F-D8411DF8A273}.Release|Any CPU.ActiveCfg = Release|Any CPU
		{7D167F47-9554-40D9-806F-D8411DF8A273}.Release|Any CPU.Build.0 = Release|Any CPU
	EndGlobalSection
	GlobalSection(SolutionProperties) = preSolution
		HideSolutionNode = FALSE
	EndGlobalSection
EndGlobal
